
Microsoft Visual Studio Solution File, Format Version 11.00
# Visual Studio 2010
Project("{FAE04EC0-301F-11D3-BF4B-00C04F79EFBC}") = "CowMouse", "CowMouse\CowMouse\CowMouse.csproj", "{17ACF0B0-D872-4D3A-8393-84891C13D9DE}"
EndProject
Project("{FAE04EC0-301F-11D3-BF4B-00C04F79EFBC}") = "CowMouseContent", "CowMouse\CowMouseContent\CowMouseContent.contentproj", "{3455A668-E34E-4979-AD2F-456398856951}"
EndProject
Project("{FAE04EC0-301F-11D3-BF4B-00C04F79EFBC}") = "UtilitiesTests", "UtilitiesTests\UtilitiesTests.csproj", "{1EEE468E-A08B-494C-B3DE-9BF1BE1A10D1}"
EndProject
Project("{2150E333-8FDC-42A3-9474-1A3956D46DE8}") = "Solution Items", "Solution Items", "{33AD006B-F9FC-4544-B3A8-6555ACF2FE7D}"
	ProjectSection(SolutionItems) = preProject
		CowMouse.vsmdi = CowMouse.vsmdi
		Local.testsettings = Local.testsettings
		TraceAndTestImpact.testsettings = TraceAndTestImpact.testsettings
	EndProjectSection
EndProject
Global
	GlobalSection(TestCaseManagementSettings) = postSolution
		CategoryFile = CowMouse.vsmdi
	EndGlobalSection
	GlobalSection(SolutionConfigurationPlatforms) = preSolution
		Debug|Any CPU = Debug|Any CPU
		Debug|Mixed Platforms = Debug|Mixed Platforms
		Debug|x86 = Debug|x86
		Release|Any CPU = Release|Any CPU
		Release|Mixed Platforms = Release|Mixed Platforms
		Release|x86 = Release|x86
	EndGlobalSection
	GlobalSection(ProjectConfigurationPlatforms) = postSolution
		{17ACF0B0-D872-4D3A-8393-84891C13D9DE}.Debug|Any CPU.ActiveCfg = Debug|x86
		{17ACF0B0-D872-4D3A-8393-84891C13D9DE}.Debug|Mixed Platforms.ActiveCfg = Debug|x86
		{17ACF0B0-D872-4D3A-8393-84891C13D9DE}.Debug|Mixed Platforms.Build.0 = Debug|x86
		{17ACF0B0-D872-4D3A-8393-84891C13D9DE}.Debug|x86.ActiveCfg = Debug|x86
		{17ACF0B0-D872-4D3A-8393-84891C13D9DE}.Debug|x86.Build.0 = Debug|x86
		{17ACF0B0-D872-4D3A-8393-84891C13D9DE}.Release|Any CPU.ActiveCfg = Release|x86
		{17ACF0B0-D872-4D3A-8393-84891C13D9DE}.Release|Mixed Platforms.ActiveCfg = Release|x86
		{17ACF0B0-D872-4D3A-8393-84891C13D9DE}.Release|Mixed Platforms.Build.0 = Release|x86
		{17ACF0B0-D872-4D3A-8393-84891C13D9DE}.Release|x86.ActiveCfg = Release|x86
		{17ACF0B0-D872-4D3A-8393-84891C13D9DE}.Release|x86.Build.0 = Release|x86
		{3455A668-E34E-4979-AD2F-456398856951}.Debug|Any CPU.ActiveCfg = Debug|x86
		{3455A668-E34E-4979-AD2F-456398856951}.Debug|Mixed Platforms.ActiveCfg = Debug|x86
		{3455A668-E34E-4979-AD2F-456398856951}.Debug|x86.ActiveCfg = Debug|x86
		{3455A668-E34E-4979-AD2F-456398856951}.Release|Any CPU.ActiveCfg = Release|x86
		{3455A668-E34E-4979-AD2F-456398856951}.Release|Mixed Platforms.ActiveCfg = Release|x86
		{3455A668-E34E-4979-AD2F-456398856951}.Release|x86.ActiveCfg = Release|x86
		{1EEE468E-A08B-494C-B3DE-9BF1BE1A10D1}.Debug|Any CPU.ActiveCfg = Debug|Any CPU
		{1EEE468E-A08B-494C-B3DE-9BF1BE1A10D1}.Debug|Any CPU.Build.0 = Debug|Any CPU
		{1EEE468E-A08B-494C-B3DE-9BF1BE1A10D1}.Debug|Mixed Platforms.ActiveCfg = Debug|Any CPU
		{1EEE468E-A08B-494C-B3DE-9BF1BE1A10D1}.Debug|Mixed Platforms.Build.0 = Debug|Any CPU
		{1EEE468E-A08B-494C-B3DE-9BF1BE1A10D1}.Debug|x86.ActiveCfg = Debug|Any CPU
		{1EEE468E-A08B-494C-B3DE-9BF1BE1A10D1}.Release|Any CPU.ActiveCfg = Release|Any CPU
		{1EEE468E-A08B-494C-B3DE-9BF1BE1A10D1}.Release|Any CPU.Build.0 = Release|Any CPU
		{1EEE468E-A08B-494C-B3DE-9BF1BE1A10D1}.Release|Mixed Platforms.ActiveCfg = Release|Any CPU
		{1EEE468E-A08B-494C-B3DE-9BF1BE1A10D1}.Release|Mixed Platforms.Build.0 = Release|Any CPU
		{1EEE468E-A08B-494C-B3DE-9BF1BE1A10D1}.Release|x86.ActiveCfg = Release|Any CPU
	EndGlobalSection
	GlobalSection(SolutionProperties) = preSolution
		HideSolutionNode = FALSE
	EndGlobalSection
EndGlobal
